
Microsoft Visual Studio Solution File, Format Version 12.00
# Visual Studio Version 16
VisualStudioVersion = 16.0.31205.134
MinimumVisualStudioVersion = 10.0.40219.1
Project("{9A19103F-16F7-4668-BE54-9A1E7A4F7556}") = "Colorful.Web", "Colorful.Web\Colorful.Web.csproj", "{26B65E9C-D9A1-4589-A203-EEBE4B3578D2}"
EndProject
Project("{9A19103F-16F7-4668-BE54-9A1E7A4F7556}") = "Colorful.Common", "Colorful.Common\Colorful.Common.csproj", "{463658C8-1E82-430B-96C4-FC9A06CCA70B}"
EndProject
Project("{9A19103F-16F7-4668-BE54-9A1E7A4F7556}") = "Colorful.Discord", "Colorful.Discord\Colorful.Discord.csproj", "{892F6249-5752-4072-91ED-3C770963B2A1}"
EndProject
Project("{E53339B2-1760-4266-BCC7-CA923CBCF16C}") = "docker-compose", "docker-compose.dcproj", "{4973766B-0E99-47AF-8C62-1BF5765F0AF4}"
EndProject
Global
	GlobalSection(SolutionConfigurationPlatforms) = preSolution
		Debug|Any CPU = Debug|Any CPU
		Release|Any CPU = Release|Any CPU
	EndGlobalSection
	GlobalSection(ProjectConfigurationPlatforms) = postSolution
		{26B65E9C-D9A1-4589-A203-EEBE4B3578D2}.Debug|Any CPU.ActiveCfg = Debug|Any CPU
		{26B65E9C-D9A1-4589-A203-EEBE4B3578D2}.Debug|Any CPU.Build.0 = Debug|Any CPU
		{26B65E9C-D9A1-4589-A203-EEBE4B3578D2}.Release|Any CPU.ActiveCfg = Release|Any CPU
		{26B65E9C-D9A1-4589-A203-EEBE4B3578D2}.Release|Any CPU.Build.0 = Release|Any CPU
		{463658C8-1E82-430B-96C4-FC9A06CCA70B}.Debug|Any CPU.ActiveCfg = Debug|Any CPU
		{463658C8-1E82-430B-96C4-FC9A06CCA70B}.Debug|Any CPU.Build.0 = Debug|Any CPU
		{463658C8-1E82-430B-96C4-FC9A06CCA70B}.Release|Any CPU.ActiveCfg = Release|Any CPU
		{463658C8-1E82-430B-96C4-FC9A06CCA70B}.Release|Any CPU.Build.0 = Release|Any CPU
		{892F6249-5752-4072-91ED-3C770963B2A1}.Debug|Any CPU.ActiveCfg = Debug|Any CPU
		{892F6249-5752-4072-91ED-3C770963B2A1}.Debug|Any CPU.Build.0 = Debug|Any CPU
		{892F6249-5752-4072-91ED-3C770963B2A1}.Release|Any CPU.ActiveCfg = Release|Any CPU
		{892F6249-5752-4072-91ED-3C770963B2A1}.Release|Any CPU.Build.0 = Release|Any CPU
		{4973766B-0E99-47AF-8C62-1BF5765F0AF4}.Debug|Any CPU.ActiveCfg = Debug|Any CPU
		{4973766B-0E99-47AF-8C62-1BF5765F0AF4}.Debug|Any CPU.Build.0 = Debug|Any CPU
		{4973766B-0E99-47AF-8C62-1BF5765F0AF4}.Release|Any CPU.ActiveCfg = Release|Any CPU
		{4973766B-0E99-47AF-8C62-1BF5765F0AF4}.Release|Any CPU.Build.0 = Release|Any CPU
	EndGlobalSection
	GlobalSection(SolutionProperties) = preSolution
		HideSolutionNode = FALSE
	EndGlobalSection
	GlobalSection(ExtensibilityGlobals) = postSolution
		SolutionGuid = {6EBE0CD3-56FC-40F4-A800-4BF28FF4C86C}
	EndGlobalSection
EndGlobal
